// !$*UTF8*$!
{
	archiveVersion = 1;
	classes = {
	};
	objectVersion = 46;
	objects = {

/* Begin PBXBuildFile section */
		6C0436E91B9791B300A51C35 /* ForgotPasswordController.swift in Sources */ = {isa = PBXBuildFile; fileRef = 6C0436E81B9791B300A51C35 /* ForgotPasswordController.swift */; };
		6C3E2F591B94F0B1000824F4 /* LoginResponse.swift in Sources */ = {isa = PBXBuildFile; fileRef = 6C3E2F581B94F0B1000824F4 /* LoginResponse.swift */; };
		6C5980F01B9645ED0043B161 /* LaunchController.swift in Sources */ = {isa = PBXBuildFile; fileRef = 6C5980EF1B9645ED0043B161 /* LaunchController.swift */; };
		6C5980F21B9733990043B161 /* SettingsController.swift in Sources */ = {isa = PBXBuildFile; fileRef = 6C5980F11B9733990043B161 /* SettingsController.swift */; };
		6C5980F41B9738900043B161 /* TabBarController.swift in Sources */ = {isa = PBXBuildFile; fileRef = 6C5980F31B9738900043B161 /* TabBarController.swift */; };
		6C5980F71B977EE00043B161 /* CustomTextField.swift in Sources */ = {isa = PBXBuildFile; fileRef = 6C5980F61B977EE00043B161 /* CustomTextField.swift */; };
		6C952B8D1B94911400EBF38C /* ListsController.swift in Sources */ = {isa = PBXBuildFile; fileRef = 6C952B8C1B94911400EBF38C /* ListsController.swift */; };
		6C952B8F1B94C39000EBF38C /* DatabaseProtocol.swift in Sources */ = {isa = PBXBuildFile; fileRef = 6C952B8E1B94C39000EBF38C /* DatabaseProtocol.swift */; };
		6C952B911B94C42B00EBF38C /* UserDefaultsDatabase.swift in Sources */ = {isa = PBXBuildFile; fileRef = 6C952B901B94C42B00EBF38C /* UserDefaultsDatabase.swift */; };
		6C952B931B94C53600EBF38C /* User.swift in Sources */ = {isa = PBXBuildFile; fileRef = 6C952B921B94C53600EBF38C /* User.swift */; };
		6C952B951B94C6C200EBF38C /* List.swift in Sources */ = {isa = PBXBuildFile; fileRef = 6C952B941B94C6C200EBF38C /* List.swift */; };
		6C952B971B94C6C800EBF38C /* Task.swift in Sources */ = {isa = PBXBuildFile; fileRef = 6C952B961B94C6C800EBF38C /* Task.swift */; };
		6C952B9A1B94C81B00EBF38C /* LoginController.swift in Sources */ = {isa = PBXBuildFile; fileRef = 6C952B991B94C81B00EBF38C /* LoginController.swift */; };
		6CE1B2751B94832800B40345 /* AppDelegate.swift in Sources */ = {isa = PBXBuildFile; fileRef = 6CE1B2741B94832800B40345 /* AppDelegate.swift */; };
		6CE1B27A1B94832800B40345 /* Main.storyboard in Resources */ = {isa = PBXBuildFile; fileRef = 6CE1B2781B94832800B40345 /* Main.storyboard */; };
		6CE1B27C1B94832800B40345 /* Images.xcassets in Resources */ = {isa = PBXBuildFile; fileRef = 6CE1B27B1B94832800B40345 /* Images.xcassets */; };
		6CE1B27F1B94832800B40345 /* LaunchScreen.xib in Resources */ = {isa = PBXBuildFile; fileRef = 6CE1B27D1B94832800B40345 /* LaunchScreen.xib */; };
		6CE1B28B1B94832800B40345 /* Todo_AppTests.swift in Sources */ = {isa = PBXBuildFile; fileRef = 6CE1B28A1B94832800B40345 /* Todo_AppTests.swift */; };
		7AAC99171518F77B7245FAA0 /* Pods_Todo_App.framework in Frameworks */ = {isa = PBXBuildFile; fileRef = D838600DA91AC09CC9C9B8A7 /* Pods_Todo_App.framework */; settings = {ATTRIBUTES = (Weak, ); }; };
/* End PBXBuildFile section */

/* Begin PBXContainerItemProxy section */
		6CE1B2851B94832800B40345 /* PBXContainerItemProxy */ = {
			isa = PBXContainerItemProxy;
			containerPortal = 6CE1B2671B94832800B40345 /* Project object */;
			proxyType = 1;
			remoteGlobalIDString = 6CE1B26E1B94832800B40345;
			remoteInfo = "Todo App";
		};
/* End PBXContainerItemProxy section */

/* Begin PBXFileReference section */
		553D90A8422765679B0027B0 /* Pods-Todo App.release.xcconfig */ = {isa = PBXFileReference; includeInIndex = 1; lastKnownFileType = text.xcconfig; name = "Pods-Todo App.release.xcconfig"; path = "Pods/Target Support Files/Pods-Todo App/Pods-Todo App.release.xcconfig"; sourceTree = "<group>"; };
		6C0436E81B9791B300A51C35 /* ForgotPasswordController.swift */ = {isa = PBXFileReference; fileEncoding = 4; lastKnownFileType = sourcecode.swift; path = ForgotPasswordController.swift; sourceTree = "<group>"; };
		6C3E2F581B94F0B1000824F4 /* LoginResponse.swift */ = {isa = PBXFileReference; fileEncoding = 4; lastKnownFileType = sourcecode.swift; path = LoginResponse.swift; sourceTree = "<group>"; };
		6C5980EF1B9645ED0043B161 /* LaunchController.swift */ = {isa = PBXFileReference; fileEncoding = 4; lastKnownFileType = sourcecode.swift; name = LaunchController.swift; path = ../LaunchController.swift; sourceTree = "<group>"; };
		6C5980F11B9733990043B161 /* SettingsController.swift */ = {isa = PBXFileReference; fileEncoding = 4; lastKnownFileType = sourcecode.swift; path = SettingsController.swift; sourceTree = "<group>"; };
		6C5980F31B9738900043B161 /* TabBarController.swift */ = {isa = PBXFileReference; fileEncoding = 4; lastKnownFileType = sourcecode.swift; path = TabBarController.swift; sourceTree = "<group>"; };
		6C5980F61B977EE00043B161 /* CustomTextField.swift */ = {isa = PBXFileReference; fileEncoding = 4; lastKnownFileType = sourcecode.swift; path = CustomTextField.swift; sourceTree = "<group>"; };
		6C952B8C1B94911400EBF38C /* ListsController.swift */ = {isa = PBXFileReference; fileEncoding = 4; lastKnownFileType = sourcecode.swift; path = ListsController.swift; sourceTree = "<group>"; };
		6C952B8E1B94C39000EBF38C /* DatabaseProtocol.swift */ = {isa = PBXFileReference; fileEncoding = 4; lastKnownFileType = sourcecode.swift; path = DatabaseProtocol.swift; sourceTree = "<group>"; };
		6C952B901B94C42B00EBF38C /* UserDefaultsDatabase.swift */ = {isa = PBXFileReference; fileEncoding = 4; lastKnownFileType = sourcecode.swift; path = UserDefaultsDatabase.swift; sourceTree = "<group>"; };
		6C952B921B94C53600EBF38C /* User.swift */ = {isa = PBXFileReference; fileEncoding = 4; lastKnownFileType = sourcecode.swift; path = User.swift; sourceTree = "<group>"; };
		6C952B941B94C6C200EBF38C /* List.swift */ = {isa = PBXFileReference; fileEncoding = 4; lastKnownFileType = sourcecode.swift; path = List.swift; sourceTree = "<group>"; };
		6C952B961B94C6C800EBF38C /* Task.swift */ = {isa = PBXFileReference; fileEncoding = 4; lastKnownFileType = sourcecode.swift; path = Task.swift; sourceTree = "<group>"; };
		6C952B991B94C81B00EBF38C /* LoginController.swift */ = {isa = PBXFileReference; fileEncoding = 4; lastKnownFileType = sourcecode.swift; path = LoginController.swift; sourceTree = "<group>"; };
		6CE1B26F1B94832800B40345 /* Todo App.app */ = {isa = PBXFileReference; explicitFileType = wrapper.application; includeInIndex = 0; path = "Todo App.app"; sourceTree = BUILT_PRODUCTS_DIR; };
		6CE1B2731B94832800B40345 /* Info.plist */ = {isa = PBXFileReference; lastKnownFileType = text.plist.xml; path = Info.plist; sourceTree = "<group>"; };
		6CE1B2741B94832800B40345 /* AppDelegate.swift */ = {isa = PBXFileReference; lastKnownFileType = sourcecode.swift; path = AppDelegate.swift; sourceTree = "<group>"; };
		6CE1B2791B94832800B40345 /* Base */ = {isa = PBXFileReference; lastKnownFileType = file.storyboard; name = Base; path = Base.lproj/Main.storyboard; sourceTree = "<group>"; };
		6CE1B27B1B94832800B40345 /* Images.xcassets */ = {isa = PBXFileReference; lastKnownFileType = folder.assetcatalog; path = Images.xcassets; sourceTree = "<group>"; };
		6CE1B27E1B94832800B40345 /* Base */ = {isa = PBXFileReference; lastKnownFileType = file.xib; name = Base; path = Base.lproj/LaunchScreen.xib; sourceTree = "<group>"; };
		6CE1B2841B94832800B40345 /* Todo AppTests.xctest */ = {isa = PBXFileReference; explicitFileType = wrapper.cfbundle; includeInIndex = 0; path = "Todo AppTests.xctest"; sourceTree = BUILT_PRODUCTS_DIR; };
		6CE1B2891B94832800B40345 /* Info.plist */ = {isa = PBXFileReference; lastKnownFileType = text.plist.xml; path = Info.plist; sourceTree = "<group>"; };
		6CE1B28A1B94832800B40345 /* Todo_AppTests.swift */ = {isa = PBXFileReference; lastKnownFileType = sourcecode.swift; path = Todo_AppTests.swift; sourceTree = "<group>"; };
		D838600DA91AC09CC9C9B8A7 /* Pods_Todo_App.framework */ = {isa = PBXFileReference; explicitFileType = wrapper.framework; includeInIndex = 0; path = Pods_Todo_App.framework; sourceTree = BUILT_PRODUCTS_DIR; };
		F64C9BB9AFA2E2574AF95C80 /* Pods-Todo App.debug.xcconfig */ = {isa = PBXFileReference; includeInIndex = 1; lastKnownFileType = text.xcconfig; name = "Pods-Todo App.debug.xcconfig"; path = "Pods/Target Support Files/Pods-Todo App/Pods-Todo App.debug.xcconfig"; sourceTree = "<group>"; };
/* End PBXFileReference section */

/* Begin PBXFrameworksBuildPhase section */
		6CE1B26C1B94832800B40345 /* Frameworks */ = {
			isa = PBXFrameworksBuildPhase;
			buildActionMask = 2147483647;
			files = (
				7AAC99171518F77B7245FAA0 /* Pods_Todo_App.framework in Frameworks */,
			);
			runOnlyForDeploymentPostprocessing = 0;
		};
		6CE1B2811B94832800B40345 /* Frameworks */ = {
			isa = PBXFrameworksBuildPhase;
			buildActionMask = 2147483647;
			files = (
			);
			runOnlyForDeploymentPostprocessing = 0;
		};
/* End PBXFrameworksBuildPhase section */

/* Begin PBXGroup section */
		6C3E2F571B94EC1A000824F4 /* Protocol */ = {
			isa = PBXGroup;
			children = (
				6C952B8E1B94C39000EBF38C /* DatabaseProtocol.swift */,
				6C952B901B94C42B00EBF38C /* UserDefaultsDatabase.swift */,
			);
			name = Protocol;
			sourceTree = "<group>";
		};
		6C3E2F5A1B94F0B4000824F4 /* Responses */ = {
			isa = PBXGroup;
			children = (
				6C3E2F581B94F0B1000824F4 /* LoginResponse.swift */,
			);
			name = Responses;
			sourceTree = "<group>";
		};
		6C5980F51B97390B0043B161 /* Other */ = {
			isa = PBXGroup;
			children = (
				6C5980F61B977EE00043B161 /* CustomTextField.swift */,
				6CE1B27B1B94832800B40345 /* Images.xcassets */,
				6C5980EF1B9645ED0043B161 /* LaunchController.swift */,
				6C5980F31B9738900043B161 /* TabBarController.swift */,
				6CE1B2741B94832800B40345 /* AppDelegate.swift */,
				6CE1B27D1B94832800B40345 /* LaunchScreen.xib */,
			);
			name = Other;
			sourceTree = "<group>";
		};
		6C952B981B94C6CE00EBF38C /* Models */ = {
			isa = PBXGroup;
			children = (
				6C952B941B94C6C200EBF38C /* List.swift */,
				6C952B961B94C6C800EBF38C /* Task.swift */,
				6C952B921B94C53600EBF38C /* User.swift */,
			);
			name = Models;
			sourceTree = "<group>";
		};
		6CE1B2661B94832800B40345 = {
			isa = PBXGroup;
			children = (
				6CE1B2711B94832800B40345 /* Todo App */,
				6CE1B2871B94832800B40345 /* Todo AppTests */,
				6CE1B2701B94832800B40345 /* Products */,
				F2421730032AB16C26C64EAC /* Pods */,
				A3A603110B8E75BF8D11DC71 /* Frameworks */,
			);
			sourceTree = "<group>";
		};
		6CE1B2701B94832800B40345 /* Products */ = {
			isa = PBXGroup;
			children = (
				6CE1B26F1B94832800B40345 /* Todo App.app */,
				6CE1B2841B94832800B40345 /* Todo AppTests.xctest */,
			);
			name = Products;
			sourceTree = "<group>";
		};
		6CE1B2711B94832800B40345 /* Todo App */ = {
			isa = PBXGroup;
			children = (
				6C3E2F5A1B94F0B4000824F4 /* Responses */,
				6C3E2F571B94EC1A000824F4 /* Protocol */,
				6C952B981B94C6CE00EBF38C /* Models */,
				6C5980F11B9733990043B161 /* SettingsController.swift */,
				6C952B8C1B94911400EBF38C /* ListsController.swift */,
				6C952B991B94C81B00EBF38C /* LoginController.swift */,
				6C0436E81B9791B300A51C35 /* ForgotPasswordController.swift */,
				6CE1B2781B94832800B40345 /* Main.storyboard */,
				6C5980F51B97390B0043B161 /* Other */,
				6CE1B2721B94832800B40345 /* Supporting Files */,
			);
			path = "Todo App";
			sourceTree = "<group>";
		};
		6CE1B2721B94832800B40345 /* Supporting Files */ = {
			isa = PBXGroup;
			children = (
				6CE1B2731B94832800B40345 /* Info.plist */,
			);
			name = "Supporting Files";
			sourceTree = "<group>";
		};
		6CE1B2871B94832800B40345 /* Todo AppTests */ = {
			isa = PBXGroup;
			children = (
				6CE1B28A1B94832800B40345 /* Todo_AppTests.swift */,
				6CE1B2881B94832800B40345 /* Supporting Files */,
			);
			path = "Todo AppTests";
			sourceTree = "<group>";
		};
		6CE1B2881B94832800B40345 /* Supporting Files */ = {
			isa = PBXGroup;
			children = (
				6CE1B2891B94832800B40345 /* Info.plist */,
			);
			name = "Supporting Files";
			sourceTree = "<group>";
		};
		A3A603110B8E75BF8D11DC71 /* Frameworks */ = {
			isa = PBXGroup;
			children = (
				D838600DA91AC09CC9C9B8A7 /* Pods_Todo_App.framework */,
			);
			name = Frameworks;
			sourceTree = "<group>";
		};
		F2421730032AB16C26C64EAC /* Pods */ = {
			isa = PBXGroup;
			children = (
				F64C9BB9AFA2E2574AF95C80 /* Pods-Todo App.debug.xcconfig */,
				553D90A8422765679B0027B0 /* Pods-Todo App.release.xcconfig */,
			);
			name = Pods;
			sourceTree = "<group>";
		};
/* End PBXGroup section */

/* Begin PBXNativeTarget section */
		6CE1B26E1B94832800B40345 /* Todo App */ = {
			isa = PBXNativeTarget;
			buildConfigurationList = 6CE1B28E1B94832800B40345 /* Build configuration list for PBXNativeTarget "Todo App" */;
			buildPhases = (
				B3661951DDA3A472D3EC2FEC /* Check Pods Manifest.lock */,
				6CE1B26B1B94832800B40345 /* Sources */,
				6CE1B26C1B94832800B40345 /* Frameworks */,
				6CE1B26D1B94832800B40345 /* Resources */,
				1DA4610360D5FE4925F849A2 /* Embed Pods Frameworks */,
				F0FB8430969CBDF48E4AAD39 /* Copy Pods Resources */,
			);
			buildRules = (
			);
			dependencies = (
			);
			name = "Todo App";
			productName = "Todo App";
			productReference = 6CE1B26F1B94832800B40345 /* Todo App.app */;
			productType = "com.apple.product-type.application";
		};
		6CE1B2831B94832800B40345 /* Todo AppTests */ = {
			isa = PBXNativeTarget;
			buildConfigurationList = 6CE1B2911B94832800B40345 /* Build configuration list for PBXNativeTarget "Todo AppTests" */;
			buildPhases = (
				6CE1B2801B94832800B40345 /* Sources */,
				6CE1B2811B94832800B40345 /* Frameworks */,
				6CE1B2821B94832800B40345 /* Resources */,
			);
			buildRules = (
			);
			dependencies = (
				6CE1B2861B94832800B40345 /* PBXTargetDependency */,
			);
			name = "Todo AppTests";
			productName = "Todo AppTests";
			productReference = 6CE1B2841B94832800B40345 /* Todo AppTests.xctest */;
			productType = "com.apple.product-type.bundle.unit-test";
		};
/* End PBXNativeTarget section */

/* Begin PBXProject section */
		6CE1B2671B94832800B40345 /* Project object */ = {
			isa = PBXProject;
			attributes = {
				LastUpgradeCheck = 0640;
				ORGANIZATIONNAME = "Edgar Cardoso";
				TargetAttributes = {
					6CE1B26E1B94832800B40345 = {
						CreatedOnToolsVersion = 6.4;
					};
					6CE1B2831B94832800B40345 = {
						CreatedOnToolsVersion = 6.4;
						TestTargetID = 6CE1B26E1B94832800B40345;
					};
				};
			};
			buildConfigurationList = 6CE1B26A1B94832800B40345 /* Build configuration list for PBXProject "Todo App" */;
			compatibilityVersion = "Xcode 3.2";
			developmentRegion = English;
			hasScannedForEncodings = 0;
			knownRegions = (
				en,
				Base,
			);
			mainGroup = 6CE1B2661B94832800B40345;
			productRefGroup = 6CE1B2701B94832800B40345 /* Products */;
			projectDirPath = "";
			projectRoot = "";
			targets = (
				6CE1B26E1B94832800B40345 /* Todo App */,
				6CE1B2831B94832800B40345 /* Todo AppTests */,
			);
		};
/* End PBXProject section */

/* Begin PBXResourcesBuildPhase section */
		6CE1B26D1B94832800B40345 /* Resources */ = {
			isa = PBXResourcesBuildPhase;
			buildActionMask = 2147483647;
			files = (
				6CE1B27A1B94832800B40345 /* Main.storyboard in Resources */,
				6CE1B27F1B94832800B40345 /* LaunchScreen.xib in Resources */,
				6CE1B27C1B94832800B40345 /* Images.xcassets in Resources */,
			);
			runOnlyForDeploymentPostprocessing = 0;
		};
		6CE1B2821B94832800B40345 /* Resources */ = {
			isa = PBXResourcesBuildPhase;
			buildActionMask = 2147483647;
			files = (
			);
			runOnlyForDeploymentPostprocessing = 0;
		};
/* End PBXResourcesBuildPhase section */

/* Begin PBXShellScriptBuildPhase section */
		1DA4610360D5FE4925F849A2 /* Embed Pods Frameworks */ = {
			isa = PBXShellScriptBuildPhase;
			buildActionMask = 2147483647;
			files = (
			);
			inputPaths = (
			);
			name = "Embed Pods Frameworks";
			outputPaths = (
			);
			runOnlyForDeploymentPostprocessing = 0;
			shellPath = /bin/sh;
			shellScript = "\"${SRCROOT}/Pods/Target Support Files/Pods-Todo App/Pods-Todo App-frameworks.sh\"\n";
			showEnvVarsInLog = 0;
		};
		B3661951DDA3A472D3EC2FEC /* Check Pods Manifest.lock */ = {
			isa = PBXShellScriptBuildPhase;
			buildActionMask = 2147483647;
			files = (
			);
			inputPaths = (
			);
			name = "Check Pods Manifest.lock";
			outputPaths = (
			);
			runOnlyForDeploymentPostprocessing = 0;
			shellPath = /bin/sh;
			shellScript = "diff \"${PODS_ROOT}/../Podfile.lock\" \"${PODS_ROOT}/Manifest.lock\" > /dev/null\nif [[ $? != 0 ]] ; then\n    cat << EOM\nerror: The sandbox is not in sync with the Podfile.lock. Run 'pod install' or update your CocoaPods installation.\nEOM\n    exit 1\nfi\n";
			showEnvVarsInLog = 0;
		};
		F0FB8430969CBDF48E4AAD39 /* Copy Pods Resources */ = {
			isa = PBXShellScriptBuildPhase;
			buildActionMask = 2147483647;
			files = (
			);
			inputPaths = (
			);
			name = "Copy Pods Resources";
			outputPaths = (
			);
			runOnlyForDeploymentPostprocessing = 0;
			shellPath = /bin/sh;
			shellScript = "\"${SRCROOT}/Pods/Target Support Files/Pods-Todo App/Pods-Todo App-resources.sh\"\n";
			showEnvVarsInLog = 0;
		};
/* End PBXShellScriptBuildPhase section */

/* Begin PBXSourcesBuildPhase section */
		6CE1B26B1B94832800B40345 /* Sources */ = {
			isa = PBXSourcesBuildPhase;
			buildActionMask = 2147483647;
			files = (
				6C5980F71B977EE00043B161 /* CustomTextField.swift in Sources */,
				6C952B8F1B94C39000EBF38C /* DatabaseProtocol.swift in Sources */,
				6CE1B2751B94832800B40345 /* AppDelegate.swift in Sources */,
				6C0436E91B9791B300A51C35 /* ForgotPasswordController.swift in Sources */,
				6C3E2F591B94F0B1000824F4 /* LoginResponse.swift in Sources */,
				6C952B911B94C42B00EBF38C /* UserDefaultsDatabase.swift in Sources */,
				6C952B931B94C53600EBF38C /* User.swift in Sources */,
				6C5980F21B9733990043B161 /* SettingsController.swift in Sources */,
				6C5980F41B9738900043B161 /* TabBarController.swift in Sources */,
				6C952B8D1B94911400EBF38C /* ListsController.swift in Sources */,
				6C952B9A1B94C81B00EBF38C /* LoginController.swift in Sources */,
				6C952B971B94C6C800EBF38C /* Task.swift in Sources */,
				6C952B951B94C6C200EBF38C /* List.swift in Sources */,
				6C5980F01B9645ED0043B161 /* LaunchController.swift in Sources */,
			);
			runOnlyForDeploymentPostprocessing = 0;
		};
		6CE1B2801B94832800B40345 /* Sources */ = {
			isa = PBXSourcesBuildPhase;
			buildActionMask = 2147483647;
			files = (
				6CE1B28B1B94832800B40345 /* Todo_AppTests.swift in Sources */,
			);
			runOnlyForDeploymentPostprocessing = 0;
		};
/* End PBXSourcesBuildPhase section */

/* Begin PBXTargetDependency section */
		6CE1B2861B94832800B40345 /* PBXTargetDependency */ = {
			isa = PBXTargetDependency;
			target = 6CE1B26E1B94832800B40345 /* Todo App */;
			targetProxy = 6CE1B2851B94832800B40345 /* PBXContainerItemProxy */;
		};
/* End PBXTargetDependency section */

/* Begin PBXVariantGroup section */
		6CE1B2781B94832800B40345 /* Main.storyboard */ = {
			isa = PBXVariantGroup;
			children = (
				6CE1B2791B94832800B40345 /* Base */,
			);
			name = Main.storyboard;
			sourceTree = "<group>";
		};
		6CE1B27D1B94832800B40345 /* LaunchScreen.xib */ = {
			isa = PBXVariantGroup;
			children = (
				6CE1B27E1B94832800B40345 /* Base */,
			);
			name = LaunchScreen.xib;
			sourceTree = "<group>";
		};
/* End PBXVariantGroup section */

/* Begin XCBuildConfiguration section */
		6CE1B28C1B94832800B40345 /* Debug */ = {
			isa = XCBuildConfiguration;
			buildSettings = {
				ALWAYS_SEARCH_USER_PATHS = NO;
				CLANG_CXX_LANGUAGE_STANDARD = "gnu++0x";
				CLANG_CXX_LIBRARY = "libc++";
				CLANG_ENABLE_MODULES = YES;
				CLANG_ENABLE_OBJC_ARC = YES;
				CLANG_WARN_BOOL_CONVERSION = YES;
				CLANG_WARN_CONSTANT_CONVERSION = YES;
				CLANG_WARN_DIRECT_OBJC_ISA_USAGE = YES_ERROR;
				CLANG_WARN_EMPTY_BODY = YES;
				CLANG_WARN_ENUM_CONVERSION = YES;
				CLANG_WARN_INT_CONVERSION = YES;
				CLANG_WARN_OBJC_ROOT_CLASS = YES_ERROR;
				CLANG_WARN_UNREACHABLE_CODE = YES;
				CLANG_WARN__DUPLICATE_METHOD_MATCH = YES;
				"CODE_SIGN_IDENTITY[sdk=iphoneos*]" = "iPhone Developer";
				COPY_PHASE_STRIP = NO;
				DEBUG_INFORMATION_FORMAT = "dwarf-with-dsym";
				ENABLE_STRICT_OBJC_MSGSEND = YES;
				GCC_C_LANGUAGE_STANDARD = gnu99;
				GCC_DYNAMIC_NO_PIC = NO;
				GCC_NO_COMMON_BLOCKS = YES;
				GCC_OPTIMIZATION_LEVEL = 0;
				GCC_PREPROCESSOR_DEFINITIONS = (
					"DEBUG=1",
					"$(inherited)",
				);
				GCC_SYMBOLS_PRIVATE_EXTERN = NO;
				GCC_WARN_64_TO_32_BIT_CONVERSION = YES;
				GCC_WARN_ABOUT_RETURN_TYPE = YES_ERROR;
				GCC_WARN_UNDECLARED_SELECTOR = YES;
				GCC_WARN_UNINITIALIZED_AUTOS = YES_AGGRESSIVE;
				GCC_WARN_UNUSED_FUNCTION = YES;
				GCC_WARN_UNUSED_VARIABLE = YES;
				IPHONEOS_DEPLOYMENT_TARGET = 8.4;
				MTL_ENABLE_DEBUG_INFO = YES;
				ONLY_ACTIVE_ARCH = YES;
				SDKROOT = iphoneos;
				SWIFT_OPTIMIZATION_LEVEL = "-Onone";
				TARGETED_DEVICE_FAMILY = "1,2";
			};
			name = Debug;
		};
		6CE1B28D1B94832800B40345 /* Release */ = {
			isa = XCBuildConfiguration;
			buildSettings = {
				ALWAYS_SEARCH_USER_PATHS = NO;
				CLANG_CXX_LANGUAGE_STANDARD = "gnu++0x";
				CLANG_CXX_LIBRARY = "libc++";
				CLANG_ENABLE_MODULES = YES;
				CLANG_ENABLE_OBJC_ARC = YES;
				CLANG_WARN_BOOL_CONVERSION = YES;
				CLANG_WARN_CONSTANT_CONVERSION = YES;
				CLANG_WARN_DIRECT_OBJC_ISA_USAGE = YES_ERROR;
				CLANG_WARN_EMPTY_BODY = YES;
				CLANG_WARN_ENUM_CONVERSION = YES;
				CLANG_WARN_INT_CONVERSION = YES;
				CLANG_WARN_OBJC_ROOT_CLASS = YES_ERROR;
				CLANG_WARN_UNREACHABLE_CODE = YES;
				CLANG_WARN__DUPLICATE_METHOD_MATCH = YES;
				"CODE_SIGN_IDENTITY[sdk=iphoneos*]" = "iPhone Developer";
				COPY_PHASE_STRIP = NO;
				DEBUG_INFORMATION_FORMAT = "dwarf-with-dsym";
				ENABLE_NS_ASSERTIONS = NO;
				ENABLE_STRICT_OBJC_MSGSEND = YES;
				GCC_C_LANGUAGE_STANDARD = gnu99;
				GCC_NO_COMMON_BLOCKS = YES;
				GCC_WARN_64_TO_32_BIT_CONVERSION = YES;
				GCC_WARN_ABOUT_RETURN_TYPE = YES_ERROR;
				GCC_WARN_UNDECLARED_SELECTOR = YES;
				GCC_WARN_UNINITIALIZED_AUTOS = YES_AGGRESSIVE;
				GCC_WARN_UNUSED_FUNCTION = YES;
				GCC_WARN_UNUSED_VARIABLE = YES;
				IPHONEOS_DEPLOYMENT_TARGET = 8.4;
				MTL_ENABLE_DEBUG_INFO = NO;
				SDKROOT = iphoneos;
				TARGETED_DEVICE_FAMILY = "1,2";
				VALIDATE_PRODUCT = YES;
			};
			name = Release;
		};
		6CE1B28F1B94832800B40345 /* Debug */ = {
			isa = XCBuildConfiguration;
			baseConfigurationReference = F64C9BB9AFA2E2574AF95C80 /* Pods-Todo App.debug.xcconfig */;
			buildSettings = {
				ASSETCATALOG_COMPILER_APPICON_NAME = AppIcon;
				INFOPLIST_FILE = "Todo App/Info.plist";
				IPHONEOS_DEPLOYMENT_TARGET = 8.4;
				LD_RUNPATH_SEARCH_PATHS = "$(inherited) @executable_path/Frameworks";
				PRODUCT_NAME = "$(TARGET_NAME)";
			};
			name = Debug;
		};
		6CE1B2901B94832800B40345 /* Release */ = {
			isa = XCBuildConfiguration;
			baseConfigurationReference = 553D90A8422765679B0027B0 /* Pods-Todo App.release.xcconfig */;
			buildSettings = {
				ASSETCATALOG_COMPILER_APPICON_NAME = AppIcon;
				INFOPLIST_FILE = "Todo App/Info.plist";
				IPHONEOS_DEPLOYMENT_TARGET = 8.4;
				LD_RUNPATH_SEARCH_PATHS = "$(inherited) @executable_path/Frameworks";
				PRODUCT_NAME = "$(TARGET_NAME)";
			};
			name = Release;
		};
		6CE1B2921B94832800B40345 /* Debug */ = {
			isa = XCBuildConfiguration;
			buildSettings = {
				BUNDLE_LOADER = "$(TEST_HOST)";
				FRAMEWORK_SEARCH_PATHS = (
					"$(SDKROOT)/Developer/Library/Frameworks",
					"$(inherited)",
				);
				GCC_PREPROCESSOR_DEFINITIONS = (
					"DEBUG=1",
					"$(inherited)",
				);
				INFOPLIST_FILE = "Todo AppTests/Info.plist";
				LD_RUNPATH_SEARCH_PATHS = "$(inherited) @executable_path/Frameworks @loader_path/Frameworks";
				PRODUCT_NAME = "$(TARGET_NAME)";
				TEST_HOST = "$(BUILT_PRODUCTS_DIR)/Todo App.app/Todo App";
			};
			name = Debug;
		};
		6CE1B2931B94832800B40345 /* Release */ = {
			isa = XCBuildConfiguration;
			buildSettings = {
				BUNDLE_LOADER = "$(TEST_HOST)";
				FRAMEWORK_SEARCH_PATHS = (
					"$(SDKROOT)/Developer/Library/Frameworks",
					"$(inherited)",
				);
				INFOPLIST_FILE = "Todo AppTests/Info.plist";
				LD_RUNPATH_SEARCH_PATHS = "$(inherited) @executable_path/Frameworks @loader_path/Frameworks";
				PRODUCT_NAME = "$(TARGET_NAME)";
				TEST_HOST = "$(BUILT_PRODUCTS_DIR)/Todo App.app/Todo App";
			};
			name = Release;
		};
/* End XCBuildConfiguration section */

/* Begin XCConfigurationList section */
		6CE1B26A1B94832800B40345 /* Build configuration list for PBXProject "Todo App" */ = {
			isa = XCConfigurationList;
			buildConfigurations = (
				6CE1B28C1B94832800B40345 /* Debug */,
				6CE1B28D1B94832800B40345 /* Release */,
			);
			defaultConfigurationIsVisible = 0;
			defaultConfigurationName = Release;
		};
		6CE1B28E1B94832800B40345 /* Build configuration list for PBXNativeTarget "Todo App" */ = {
			isa = XCConfigurationList;
			buildConfigurations = (
				6CE1B28F1B94832800B40345 /* Debug */,
				6CE1B2901B94832800B40345 /* Release */,
			);
			defaultConfigurationIsVisible = 0;
			defaultConfigurationName = Release;
		};
		6CE1B2911B94832800B40345 /* Build configuration list for PBXNativeTarget "Todo AppTests" */ = {
			isa = XCConfigurationList;
			buildConfigurations = (
				6CE1B2921B94832800B40345 /* Debug */,
				6CE1B2931B94832800B40345 /* Release */,
			);
			defaultConfigurationIsVisible = 0;
			defaultConfigurationName = Release;
		};
/* End XCConfigurationList section */
	};
	rootObject = 6CE1B2671B94832800B40345 /* Project object */;
}
